// !$*UTF8*$!
{
	archiveVersion = 1;
	classes = {
	};
	objectVersion = 56;
	objects = {

/* Begin PBXBuildFile section */
		19DE212C2BB6ACB800AA5AB0 /* OpeninappApp.swift in Sources */ = {isa = PBXBuildFile; fileRef = 19DE212B2BB6ACB800AA5AB0 /* OpeninappApp.swift */; };
		19DE212E2BB6ACB800AA5AB0 /* ContentView.swift in Sources */ = {isa = PBXBuildFile; fileRef = 19DE212D2BB6ACB800AA5AB0 /* ContentView.swift */; };
		19DE21302BB6ACB900AA5AB0 /* Assets.xcassets in Resources */ = {isa = PBXBuildFile; fileRef = 19DE212F2BB6ACB900AA5AB0 /* Assets.xcassets */; };
		19DE21332BB6ACB900AA5AB0 /* Preview Assets.xcassets in Resources */ = {isa = PBXBuildFile; fileRef = 19DE21322BB6ACB900AA5AB0 /* Preview Assets.xcassets */; };
		19DE213A2BB6ACD800AA5AB0 /* Model.swift in Sources */ = {isa = PBXBuildFile; fileRef = 19DE21392BB6ACD800AA5AB0 /* Model.swift */; };
		19DE213C2BB6ACF600AA5AB0 /* ViewModel.swift in Sources */ = {isa = PBXBuildFile; fileRef = 19DE213B2BB6ACF600AA5AB0 /* ViewModel.swift */; };
		19DE213E2BB6ADC000AA5AB0 /* Home.swift in Sources */ = {isa = PBXBuildFile; fileRef = 19DE213D2BB6ADC000AA5AB0 /* Home.swift */; };
		19DE21482BB6AF4B00AA5AB0 /* CustomSegmentPickerView.swift in Sources */ = {isa = PBXBuildFile; fileRef = 19DE21402BB6AF4B00AA5AB0 /* CustomSegmentPickerView.swift */; };
		19DE21492BB6AF4B00AA5AB0 /* CardView.swift in Sources */ = {isa = PBXBuildFile; fileRef = 19DE21412BB6AF4B00AA5AB0 /* CardView.swift */; };
		19DE214A2BB6AF4B00AA5AB0 /* RectangleButton2View.swift in Sources */ = {isa = PBXBuildFile; fileRef = 19DE21422BB6AF4B00AA5AB0 /* RectangleButton2View.swift */; };
		19DE214B2BB6AF4B00AA5AB0 /* LinkCardView.swift in Sources */ = {isa = PBXBuildFile; fileRef = 19DE21432BB6AF4B00AA5AB0 /* LinkCardView.swift */; };
		19DE214C2BB6AF4B00AA5AB0 /* RectangleButtonView.swift in Sources */ = {isa = PBXBuildFile; fileRef = 19DE21442BB6AF4B00AA5AB0 /* RectangleButtonView.swift */; };
		19DE214D2BB6AF4B00AA5AB0 /* GreetView.swift in Sources */ = {isa = PBXBuildFile; fileRef = 19DE21452BB6AF4B00AA5AB0 /* GreetView.swift */; };
		19DE214E2BB6AF4B00AA5AB0 /* CustomeTabBar.swift in Sources */ = {isa = PBXBuildFile; fileRef = 19DE21462BB6AF4B00AA5AB0 /* CustomeTabBar.swift */; };
		19DE214F2BB6AF4B00AA5AB0 /* TabBarButton.swift in Sources */ = {isa = PBXBuildFile; fileRef = 19DE21472BB6AF4B00AA5AB0 /* TabBarButton.swift */; };
		19DE21532BB6AF5600AA5AB0 /* View.swift in Sources */ = {isa = PBXBuildFile; fileRef = 19DE21512BB6AF5600AA5AB0 /* View.swift */; };
		19DE21542BB6AF5600AA5AB0 /* Color.swift in Sources */ = {isa = PBXBuildFile; fileRef = 19DE21522BB6AF5600AA5AB0 /* Color.swift */; };
		19DE21562BB6AF6000AA5AB0 /* LinksView.swift in Sources */ = {isa = PBXBuildFile; fileRef = 19DE21552BB6AF6000AA5AB0 /* LinksView.swift */; };
/* End PBXBuildFile section */

/* Begin PBXFileReference section */
		19DE21282BB6ACB800AA5AB0 /* Openinapp.app */ = {isa = PBXFileReference; explicitFileType = wrapper.application; includeInIndex = 0; path = Openinapp.app; sourceTree = BUILT_PRODUCTS_DIR; };
		19DE212B2BB6ACB800AA5AB0 /* OpeninappApp.swift */ = {isa = PBXFileReference; lastKnownFileType = sourcecode.swift; path = OpeninappApp.swift; sourceTree = "<group>"; };
		19DE212D2BB6ACB800AA5AB0 /* ContentView.swift */ = {isa = PBXFileReference; lastKnownFileType = sourcecode.swift; path = ContentView.swift; sourceTree = "<group>"; };
		19DE212F2BB6ACB900AA5AB0 /* Assets.xcassets */ = {isa = PBXFileReference; lastKnownFileType = folder.assetcatalog; path = Assets.xcassets; sourceTree = "<group>"; };
		19DE21322BB6ACB900AA5AB0 /* Preview Assets.xcassets */ = {isa = PBXFileReference; lastKnownFileType = folder.assetcatalog; path = "Preview Assets.xcassets"; sourceTree = "<group>"; };
		19DE21392BB6ACD800AA5AB0 /* Model.swift */ = {isa = PBXFileReference; lastKnownFileType = sourcecode.swift; path = Model.swift; sourceTree = "<group>"; };
		19DE213B2BB6ACF600AA5AB0 /* ViewModel.swift */ = {isa = PBXFileReference; lastKnownFileType = sourcecode.swift; path = ViewModel.swift; sourceTree = "<group>"; };
		19DE213D2BB6ADC000AA5AB0 /* Home.swift */ = {isa = PBXFileReference; lastKnownFileType = sourcecode.swift; path = Home.swift; sourceTree = "<group>"; };
		19DE21402BB6AF4B00AA5AB0 /* CustomSegmentPickerView.swift */ = {isa = PBXFileReference; fileEncoding = 4; lastKnownFileType = sourcecode.swift; path = CustomSegmentPickerView.swift; sourceTree = "<group>"; };
		19DE21412BB6AF4B00AA5AB0 /* CardView.swift */ = {isa = PBXFileReference; fileEncoding = 4; lastKnownFileType = sourcecode.swift; path = CardView.swift; sourceTree = "<group>"; };
		19DE21422BB6AF4B00AA5AB0 /* RectangleButton2View.swift */ = {isa = PBXFileReference; fileEncoding = 4; lastKnownFileType = sourcecode.swift; path = RectangleButton2View.swift; sourceTree = "<group>"; };
		19DE21432BB6AF4B00AA5AB0 /* LinkCardView.swift */ = {isa = PBXFileReference; fileEncoding = 4; lastKnownFileType = sourcecode.swift; path = LinkCardView.swift; sourceTree = "<group>"; };
		19DE21442BB6AF4B00AA5AB0 /* RectangleButtonView.swift */ = {isa = PBXFileReference; fileEncoding = 4; lastKnownFileType = sourcecode.swift; path = RectangleButtonView.swift; sourceTree = "<group>"; };
		19DE21452BB6AF4B00AA5AB0 /* GreetView.swift */ = {isa = PBXFileReference; fileEncoding = 4; lastKnownFileType = sourcecode.swift; path = GreetView.swift; sourceTree = "<group>"; };
		19DE21462BB6AF4B00AA5AB0 /* CustomeTabBar.swift */ = {isa = PBXFileReference; fileEncoding = 4; lastKnownFileType = sourcecode.swift; path = CustomeTabBar.swift; sourceTree = "<group>"; };
		19DE21472BB6AF4B00AA5AB0 /* TabBarButton.swift */ = {isa = PBXFileReference; fileEncoding = 4; lastKnownFileType = sourcecode.swift; path = TabBarButton.swift; sourceTree = "<group>"; };
		19DE21512BB6AF5600AA5AB0 /* View.swift */ = {isa = PBXFileReference; fileEncoding = 4; lastKnownFileType = sourcecode.swift; path = View.swift; sourceTree = "<group>"; };
		19DE21522BB6AF5600AA5AB0 /* Color.swift */ = {isa = PBXFileReference; fileEncoding = 4; lastKnownFileType = sourcecode.swift; path = Color.swift; sourceTree = "<group>"; };
		19DE21552BB6AF6000AA5AB0 /* LinksView.swift */ = {isa = PBXFileReference; fileEncoding = 4; lastKnownFileType = sourcecode.swift; path = LinksView.swift; sourceTree = "<group>"; };
/* End PBXFileReference section */

/* Begin PBXFrameworksBuildPhase section */
		19DE21252BB6ACB800AA5AB0 /* Frameworks */ = {
			isa = PBXFrameworksBuildPhase;
			buildActionMask = 2147483647;
			files = (
			);
			runOnlyForDeploymentPostprocessing = 0;
		};
/* End PBXFrameworksBuildPhase section */

/* Begin PBXGroup section */
		19DE211F2BB6ACB800AA5AB0 = {
			isa = PBXGroup;
			children = (
				19DE212A2BB6ACB800AA5AB0 /* Openinapp */,
				19DE21292BB6ACB800AA5AB0 /* Products */,
			);
			sourceTree = "<group>";
		};
		19DE21292BB6ACB800AA5AB0 /* Products */ = {
			isa = PBXGroup;
			children = (
				19DE21282BB6ACB800AA5AB0 /* Openinapp.app */,
			);
			name = Products;
			sourceTree = "<group>";
		};
		19DE212A2BB6ACB800AA5AB0 /* Openinapp */ = {
			isa = PBXGroup;
			children = (
				19DE21592BB6C3EE00AA5AB0 /* Root */,
				19DE21572BB6C3CB00AA5AB0 /* Model */,
				19DE21582BB6C3DA00AA5AB0 /* ViewModel */,
				19DE215A2BB6C3F900AA5AB0 /* View */,
				19DE21502BB6AF5600AA5AB0 /* Extension */,
				19DE213F2BB6AF4B00AA5AB0 /* Components */,
				19DE212F2BB6ACB900AA5AB0 /* Assets.xcassets */,
				19DE21312BB6ACB900AA5AB0 /* Preview Content */,
			);
			path = Openinapp;
			sourceTree = "<group>";
		};
		19DE21312BB6ACB900AA5AB0 /* Preview Content */ = {
			isa = PBXGroup;
			children = (
				19DE21322BB6ACB900AA5AB0 /* Preview Assets.xcassets */,
			);
			path = "Preview Content";
			sourceTree = "<group>";
		};
		19DE213F2BB6AF4B00AA5AB0 /* Components */ = {
			isa = PBXGroup;
			children = (
				19DE21402BB6AF4B00AA5AB0 /* CustomSegmentPickerView.swift */,
				19DE21412BB6AF4B00AA5AB0 /* CardView.swift */,
				19DE21422BB6AF4B00AA5AB0 /* RectangleButton2View.swift */,
				19DE21432BB6AF4B00AA5AB0 /* LinkCardView.swift */,
				19DE21442BB6AF4B00AA5AB0 /* RectangleButtonView.swift */,
				19DE21452BB6AF4B00AA5AB0 /* GreetView.swift */,
				19DE21462BB6AF4B00AA5AB0 /* CustomeTabBar.swift */,
				19DE21472BB6AF4B00AA5AB0 /* TabBarButton.swift */,
			);
			path = Components;
			sourceTree = "<group>";
		};
		19DE21502BB6AF5600AA5AB0 /* Extension */ = {
			isa = PBXGroup;
			children = (
				19DE21512BB6AF5600AA5AB0 /* View.swift */,
				19DE21522BB6AF5600AA5AB0 /* Color.swift */,
			);
			path = Extension;
			sourceTree = "<group>";
		};
		19DE21572BB6C3CB00AA5AB0 /* Model */ = {
			isa = PBXGroup;
			children = (
				19DE21392BB6ACD800AA5AB0 /* Model.swift */,
			);
			path = Model;
			sourceTree = "<group>";
		};
		19DE21582BB6C3DA00AA5AB0 /* ViewModel */ = {
			isa = PBXGroup;
			children = (
				19DE213B2BB6ACF600AA5AB0 /* ViewModel.swift */,
			);
			path = ViewModel;
			sourceTree = "<group>";
		};
		19DE21592BB6C3EE00AA5AB0 /* Root */ = {
			isa = PBXGroup;
			children = (
				19DE212B2BB6ACB800AA5AB0 /* OpeninappApp.swift */,
				19DE212D2BB6ACB800AA5AB0 /* ContentView.swift */,
			);
			path = Root;
			sourceTree = "<group>";
		};
		19DE215A2BB6C3F900AA5AB0 /* View */ = {
			isa = PBXGroup;
			children = (
				19DE21552BB6AF6000AA5AB0 /* LinksView.swift */,
				19DE213D2BB6ADC000AA5AB0 /* Home.swift */,
			);
			path = View;
			sourceTree = "<group>";
		};
/* End PBXGroup section */

/* Begin PBXNativeTarget section */
		19DE21272BB6ACB800AA5AB0 /* Openinapp */ = {
			isa = PBXNativeTarget;
			buildConfigurationList = 19DE21362BB6ACB900AA5AB0 /* Build configuration list for PBXNativeTarget "Openinapp" */;
			buildPhases = (
				19DE21242BB6ACB800AA5AB0 /* Sources */,
				19DE21252BB6ACB800AA5AB0 /* Frameworks */,
				19DE21262BB6ACB800AA5AB0 /* Resources */,
			);
			buildRules = (
			);
			dependencies = (
			);
			name = Openinapp;
			productName = Openinapp;
			productReference = 19DE21282BB6ACB800AA5AB0 /* Openinapp.app */;
			productType = "com.apple.product-type.application";
		};
/* End PBXNativeTarget section */

/* Begin PBXProject section */
		19DE21202BB6ACB800AA5AB0 /* Project object */ = {
			isa = PBXProject;
			attributes = {
				BuildIndependentTargetsInParallel = 1;
				LastSwiftUpdateCheck = 1520;
				LastUpgradeCheck = 1520;
				TargetAttributes = {
					19DE21272BB6ACB800AA5AB0 = {
						CreatedOnToolsVersion = 15.2;
					};
				};
			};
			buildConfigurationList = 19DE21232BB6ACB800AA5AB0 /* Build configuration list for PBXProject "Openinapp" */;
			compatibilityVersion = "Xcode 14.0";
			developmentRegion = en;
			hasScannedForEncodings = 0;
			knownRegions = (
				en,
				Base,
			);
			mainGroup = 19DE211F2BB6ACB800AA5AB0;
			productRefGroup = 19DE21292BB6ACB800AA5AB0 /* Products */;
			projectDirPath = "";
			projectRoot = "";
			targets = (
				19DE21272BB6ACB800AA5AB0 /* Openinapp */,
			);
		};
/* End PBXProject section */

/* Begin PBXResourcesBuildPhase section */
		19DE21262BB6ACB800AA5AB0 /* Resources */ = {
			isa = PBXResourcesBuildPhase;
			buildActionMask = 2147483647;
			files = (
				19DE21332BB6ACB900AA5AB0 /* Preview Assets.xcassets in Resources */,
				19DE21302BB6ACB900AA5AB0 /* Assets.xcassets in Resources */,
			);
			runOnlyForDeploymentPostprocessing = 0;
		};
/* End PBXResourcesBuildPhase section */

/* Begin PBXSourcesBuildPhase section */
		19DE21242BB6ACB800AA5AB0 /* Sources */ = {
			isa = PBXSourcesBuildPhase;
			buildActionMask = 2147483647;
			files = (
				19DE214C2BB6AF4B00AA5AB0 /* RectangleButtonView.swift in Sources */,
				19DE21492BB6AF4B00AA5AB0 /* CardView.swift in Sources */,
				19DE213A2BB6ACD800AA5AB0 /* Model.swift in Sources */,
				19DE214F2BB6AF4B00AA5AB0 /* TabBarButton.swift in Sources */,
				19DE21482BB6AF4B00AA5AB0 /* CustomSegmentPickerView.swift in Sources */,
				19DE214A2BB6AF4B00AA5AB0 /* RectangleButton2View.swift in Sources */,
				19DE21562BB6AF6000AA5AB0 /* LinksView.swift in Sources */,
				19DE212E2BB6ACB800AA5AB0 /* ContentView.swift in Sources */,
				19DE214E2BB6AF4B00AA5AB0 /* CustomeTabBar.swift in Sources */,
				19DE21542BB6AF5600AA5AB0 /* Color.swift in Sources */,
				19DE213E2BB6ADC000AA5AB0 /* Home.swift in Sources */,
				19DE213C2BB6ACF600AA5AB0 /* ViewModel.swift in Sources */,
				19DE212C2BB6ACB800AA5AB0 /* OpeninappApp.swift in Sources */,
				19DE214B2BB6AF4B00AA5AB0 /* LinkCardView.swift in Sources */,
				19DE21532BB6AF5600AA5AB0 /* View.swift in Sources */,
				19DE214D2BB6AF4B00AA5AB0 /* GreetView.swift in Sources */,
			);
			runOnlyForDeploymentPostprocessing = 0;
		};
/* End PBXSourcesBuildPhase section */

/* Begin XCBuildConfiguration section */
		19DE21342BB6ACB900AA5AB0 /* Debug */ = {
			isa = XCBuildConfiguration;
			buildSettings = {
				ALWAYS_SEARCH_USER_PATHS = NO;
				ASSETCATALOG_COMPILER_GENERATE_SWIFT_ASSET_SYMBOL_EXTENSIONS = YES;
				CLANG_ANALYZER_NONNULL = YES;
				CLANG_ANALYZER_NUMBER_OBJECT_CONVERSION = YES_AGGRESSIVE;
				CLANG_CXX_LANGUAGE_STANDARD = "gnu++20";
				CLANG_ENABLE_MODULES = YES;
				CLANG_ENABLE_OBJC_ARC = YES;
				CLANG_ENABLE_OBJC_WEAK = YES;
				CLANG_WARN_BLOCK_CAPTURE_AUTORELEASING = YES;
				CLANG_WARN_BOOL_CONVERSION = YES;
				CLANG_WARN_COMMA = YES;
				CLANG_WARN_CONSTANT_CONVERSION = YES;
				CLANG_WARN_DEPRECATED_OBJC_IMPLEMENTATIONS = YES;
				CLANG_WARN_DIRECT_OBJC_ISA_USAGE = YES_ERROR;
				CLANG_WARN_DOCUMENTATION_COMMENTS = YES;
				CLANG_WARN_EMPTY_BODY = YES;
				CLANG_WARN_ENUM_CONVERSION = YES;
				CLANG_WARN_INFINITE_RECURSION = YES;
				CLANG_WARN_INT_CONVERSION = YES;
				CLANG_WARN_NON_LITERAL_NULL_CONVERSION = YES;
				CLANG_WARN_OBJC_IMPLICIT_RETAIN_SELF = YES;
				CLANG_WARN_OBJC_LITERAL_CONVERSION = YES;
				CLANG_WARN_OBJC_ROOT_CLASS = YES_ERROR;
				CLANG_WARN_QUOTED_INCLUDE_IN_FRAMEWORK_HEADER = YES;
				CLANG_WARN_RANGE_LOOP_ANALYSIS = YES;
				CLANG_WARN_STRICT_PROTOTYPES = YES;
				CLANG_WARN_SUSPICIOUS_MOVE = YES;
				CLANG_WARN_UNGUARDED_AVAILABILITY = YES_AGGRESSIVE;
				CLANG_WARN_UNREACHABLE_CODE = YES;
				CLANG_WARN__DUPLICATE_METHOD_MATCH = YES;
				COPY_PHASE_STRIP = NO;
				DEBUG_INFORMATION_FORMAT = dwarf;
				ENABLE_STRICT_OBJC_MSGSEND = YES;
				ENABLE_TESTABILITY = YES;
				ENABLE_USER_SCRIPT_SANDBOXING = YES;
				GCC_C_LANGUAGE_STANDARD = gnu17;
				GCC_DYNAMIC_NO_PIC = NO;
				GCC_NO_COMMON_BLOCKS = YES;
				GCC_OPTIMIZATION_LEVEL = 0;
				GCC_PREPROCESSOR_DEFINITIONS = (
					"DEBUG=1",
					"$(inherited)",
				);
				GCC_WARN_64_TO_32_BIT_CONVERSION = YES;
				GCC_WARN_ABOUT_RETURN_TYPE = YES_ERROR;
				GCC_WARN_UNDECLARED_SELECTOR = YES;
				GCC_WARN_UNINITIALIZED_AUTOS = YES_AGGRESSIVE;
				GCC_WARN_UNUSED_FUNCTION = YES;
				GCC_WARN_UNUSED_VARIABLE = YES;
				IPHONEOS_DEPLOYMENT_TARGET = 17.2;
				LOCALIZATION_PREFERS_STRING_CATALOGS = YES;
				MTL_ENABLE_DEBUG_INFO = INCLUDE_SOURCE;
				MTL_FAST_MATH = YES;
				ONLY_ACTIVE_ARCH = YES;
				SDKROOT = iphoneos;
				SWIFT_ACTIVE_COMPILATION_CONDITIONS = "DEBUG $(inherited)";
				SWIFT_OPTIMIZATION_LEVEL = "-Onone";
			};
			name = Debug;
		};
		19DE21352BB6ACB900AA5AB0 /* Release */ = {
			isa = XCBuildConfiguration;
			buildSettings = {
				ALWAYS_SEARCH_USER_PATHS = NO;
				ASSETCATALOG_COMPILER_GENERATE_SWIFT_ASSET_SYMBOL_EXTENSIONS = YES;
				CLANG_ANALYZER_NONNULL = YES;
				CLANG_ANALYZER_NUMBER_OBJECT_CONVERSION = YES_AGGRESSIVE;
				CLANG_CXX_LANGUAGE_STANDARD = "gnu++20";
				CLANG_ENABLE_MODULES = YES;
				CLANG_ENABLE_OBJC_ARC = YES;
				CLANG_ENABLE_OBJC_WEAK = YES;
				CLANG_WARN_BLOCK_CAPTURE_AUTORELEASING = YES;
				CLANG_WARN_BOOL_CONVERSION = YES;
				CLANG_WARN_COMMA = YES;
				CLANG_WARN_CONSTANT_CONVERSION = YES;
				CLANG_WARN_DEPRECATED_OBJC_IMPLEMENTATIONS = YES;
				CLANG_WARN_DIRECT_OBJC_ISA_USAGE = YES_ERROR;
				CLANG_WARN_DOCUMENTATION_COMMENTS = YES;
				CLANG_WARN_EMPTY_BODY = YES;
				CLANG_WARN_ENUM_CONVERSION = YES;
				CLANG_WARN_INFINITE_RECURSION = YES;
				CLANG_WARN_INT_CONVERSION = YES;
				CLANG_WARN_NON_LITERAL_NULL_CONVERSION = YES;
				CLANG_WARN_OBJC_IMPLICIT_RETAIN_SELF = YES;
				CLANG_WARN_OBJC_LITERAL_CONVERSION = YES;
				CLANG_WARN_OBJC_ROOT_CLASS = YES_ERROR;
				CLANG_WARN_QUOTED_INCLUDE_IN_FRAMEWORK_HEADER = YES;
				CLANG_WARN_RANGE_LOOP_ANALYSIS = YES;
				CLANG_WARN_STRICT_PROTOTYPES = YES;
				CLANG_WARN_SUSPICIOUS_MOVE = YES;
				CLANG_WARN_UNGUARDED_AVAILABILITY = YES_AGGRESSIVE;
				CLANG_WARN_UNREACHABLE_CODE = YES;
				CLANG_WARN__DUPLICATE_METHOD_MATCH = YES;
				COPY_PHASE_STRIP = NO;
				DEBUG_INFORMATION_FORMAT = "dwarf-with-dsym";
				ENABLE_NS_ASSERTIONS = NO;
				ENABLE_STRICT_OBJC_MSGSEND = YES;
				ENABLE_USER_SCRIPT_SANDBOXING = YES;
				GCC_C_LANGUAGE_STANDARD = gnu17;
				GCC_NO_COMMON_BLOCKS = YES;
				GCC_WARN_64_TO_32_BIT_CONVERSION = YES;
				GCC_WARN_ABOUT_RETURN_TYPE = YES_ERROR;
				GCC_WARN_UNDECLARED_SELECTOR = YES;
				GCC_WARN_UNINITIALIZED_AUTOS = YES_AGGRESSIVE;
				GCC_WARN_UNUSED_FUNCTION = YES;
				GCC_WARN_UNUSED_VARIABLE = YES;
				IPHONEOS_DEPLOYMENT_TARGET = 17.2;
				LOCALIZATION_PREFERS_STRING_CATALOGS = YES;
				MTL_ENABLE_DEBUG_INFO = NO;
				MTL_FAST_MATH = YES;
				SDKROOT = iphoneos;
				SWIFT_COMPILATION_MODE = wholemodule;
				VALIDATE_PRODUCT = YES;
			};
			name = Release;
		};
		19DE21372BB6ACB900AA5AB0 /* Debug */ = {
			isa = XCBuildConfiguration;
			buildSettings = {
				ASSETCATALOG_COMPILER_APPICON_NAME = AppIcon;
				ASSETCATALOG_COMPILER_GLOBAL_ACCENT_COLOR_NAME = AccentColor;
				CODE_SIGN_STYLE = Automatic;
				CURRENT_PROJECT_VERSION = 1;
				DEVELOPMENT_ASSET_PATHS = "\"Openinapp/Preview Content\"";
				DEVELOPMENT_TEAM = YY38H52DZ8;
				ENABLE_PREVIEWS = YES;
				GENERATE_INFOPLIST_FILE = YES;
				INFOPLIST_KEY_UIApplicationSceneManifest_Generation = YES;
				INFOPLIST_KEY_UIApplicationSupportsIndirectInputEvents = YES;
				INFOPLIST_KEY_UILaunchScreen_Generation = YES;
				INFOPLIST_KEY_UISupportedInterfaceOrientations_iPad = "UIInterfaceOrientationPortrait UIInterfaceOrientationPortraitUpsideDown UIInterfaceOrientationLandscapeLeft UIInterfaceOrientationLandscapeRight";
				INFOPLIST_KEY_UISupportedInterfaceOrientations_iPhone = "UIInterfaceOrientationPortrait UIInterfaceOrientationLandscapeLeft UIInterfaceOrientationLandscapeRight";
				LD_RUNPATH_SEARCH_PATHS = (
					"$(inherited)",
					"@executable_path/Frameworks",
				);
				MARKETING_VERSION = 1.0;
				PRODUCT_BUNDLE_IDENTIFIER = com.nishant.Openinapp;
				PRODUCT_NAME = "$(TARGET_NAME)";
				SWIFT_EMIT_LOC_STRINGS = YES;
				SWIFT_VERSION = 5.0;
				TARGETED_DEVICE_FAMILY = "1,2";
			};
			name = Debug;
		};
		19DE21382BB6ACB900AA5AB0 /* Release */ = {
			isa = XCBuildConfiguration;
			buildSettings = {
				ASSETCATALOG_COMPILER_APPICON_NAME = AppIcon;
				ASSETCATALOG_COMPILER_GLOBAL_ACCENT_COLOR_NAME = AccentColor;
				CODE_SIGN_STYLE = Automatic;
				CURRENT_PROJECT_VERSION = 1;
				DEVELOPMENT_ASSET_PATHS = "\"Openinapp/Preview Content\"";
				DEVELOPMENT_TEAM = YY38H52DZ8;
				ENABLE_PREVIEWS = YES;
				GENERATE_INFOPLIST_FILE = YES;
				INFOPLIST_KEY_UIApplicationSceneManifest_Generation = YES;
				INFOPLIST_KEY_UIApplicationSupportsIndirectInputEvents = YES;
				INFOPLIST_KEY_UILaunchScreen_Generation = YES;
				INFOPLIST_KEY_UISupportedInterfaceOrientations_iPad = "UIInterfaceOrientationPortrait UIInterfaceOrientationPortraitUpsideDown UIInterfaceOrientationLandscapeLeft UIInterfaceOrientationLandscapeRight";
				INFOPLIST_KEY_UISupportedInterfaceOrientations_iPhone = "UIInterfaceOrientationPortrait UIInterfaceOrientationLandscapeLeft UIInterfaceOrientationLandscapeRight";
				LD_RUNPATH_SEARCH_PATHS = (
					"$(inherited)",
					"@executable_path/Frameworks",
				);
				MARKETING_VERSION = 1.0;
				PRODUCT_BUNDLE_IDENTIFIER = com.nishant.Openinapp;
				PRODUCT_NAME = "$(TARGET_NAME)";
				SWIFT_EMIT_LOC_STRINGS = YES;
				SWIFT_VERSION = 5.0;
				TARGETED_DEVICE_FAMILY = "1,2";
			};
			name = Release;
		};
/* End XCBuildConfiguration section */

/* Begin XCConfigurationList section */
		19DE21232BB6ACB800AA5AB0 /* Build configuration list for PBXProject "Openinapp" */ = {
			isa = XCConfigurationList;
			buildConfigurations = (
				19DE21342BB6ACB900AA5AB0 /* Debug */,
				19DE21352BB6ACB900AA5AB0 /* Release */,
			);
			defaultConfigurationIsVisible = 0;
			defaultConfigurationName = Release;
		};
		19DE21362BB6ACB900AA5AB0 /* Build configuration list for PBXNativeTarget "Openinapp" */ = {
			isa = XCConfigurationList;
			buildConfigurations = (
				19DE21372BB6ACB900AA5AB0 /* Debug */,
				19DE21382BB6ACB900AA5AB0 /* Release */,
			);
			defaultConfigurationIsVisible = 0;
			defaultConfigurationName = Release;
		};
/* End XCConfigurationList section */
	};
	rootObject = 19DE21202BB6ACB800AA5AB0 /* Project object */;
}
